
Microsoft Visual Studio Solution File, Format Version 12.00
# Visual Studio Version 16
VisualStudioVersion = 16.0.31129.286
MinimumVisualStudioVersion = 10.0.40219.1
Project("{FAE04EC0-301F-11D3-BF4B-00C04F79EFBC}") = "Sqlite.Android", "Sqlite\Sqlite.Android\Sqlite.Android.csproj", "{D8BC19DD-5F95-4916-BAE4-155B6FB42140}"
EndProject
Project("{FAE04EC0-301F-11D3-BF4B-00C04F79EFBC}") = "Sqlite.iOS", "Sqlite\Sqlite.iOS\Sqlite.iOS.csproj", "{C268B668-B014-44BB-9329-DE551BD4F3EC}"
EndProject
Project("{9A19103F-16F7-4668-BE54-9A1E7A4F7556}") = "Sqlite", "Sqlite\Sqlite\Sqlite.csproj", "{2654D649-A495-4E6D-B2FF-1BED3F57CB90}"
EndProject
Global
	GlobalSection(SolutionConfigurationPlatforms) = preSolution
		Debug|Any CPU = Debug|Any CPU
		Debug|iPhone = Debug|iPhone
		Debug|iPhoneSimulator = Debug|iPhoneSimulator
		Release|Any CPU = Release|Any CPU
		Release|iPhone = Release|iPhone
		Release|iPhoneSimulator = Release|iPhoneSimulator
	EndGlobalSection
	GlobalSection(ProjectConfigurationPlatforms) = postSolution
		{D8BC19DD-5F95-4916-BAE4-155B6FB42140}.Debug|Any CPU.ActiveCfg = Debug|Any CPU
		{D8BC19DD-5F95-4916-BAE4-155B6FB42140}.Debug|Any CPU.Build.0 = Debug|Any CPU
		{D8BC19DD-5F95-4916-BAE4-155B6FB42140}.Debug|Any CPU.Deploy.0 = Debug|Any CPU
		{D8BC19DD-5F95-4916-BAE4-155B6FB42140}.Debug|iPhone.ActiveCfg = Debug|Any CPU
		{D8BC19DD-5F95-4916-BAE4-155B6FB42140}.Debug|iPhone.Build.0 = Debug|Any CPU
		{D8BC19DD-5F95-4916-BAE4-155B6FB42140}.Debug|iPhone.Deploy.0 = Debug|Any CPU
		{D8BC19DD-5F95-4916-BAE4-155B6FB42140}.Debug|iPhoneSimulator.ActiveCfg = Debug|Any CPU
		{D8BC19DD-5F95-4916-BAE4-155B6FB42140}.Debug|iPhoneSimulator.Build.0 = Debug|Any CPU
		{D8BC19DD-5F95-4916-BAE4-155B6FB42140}.Debug|iPhoneSimulator.Deploy.0 = Debug|Any CPU
		{D8BC19DD-5F95-4916-BAE4-155B6FB42140}.Release|Any CPU.ActiveCfg = Release|Any CPU
		{D8BC19DD-5F95-4916-BAE4-155B6FB42140}.Release|Any CPU.Build.0 = Release|Any CPU
		{D8BC19DD-5F95-4916-BAE4-155B6FB42140}.Release|Any CPU.Deploy.0 = Release|Any CPU
		{D8BC19DD-5F95-4916-BAE4-155B6FB42140}.Release|iPhone.ActiveCfg = Release|Any CPU
		{D8BC19DD-5F95-4916-BAE4-155B6FB42140}.Release|iPhone.Build.0 = Release|Any CPU
		{D8BC19DD-5F95-4916-BAE4-155B6FB42140}.Release|iPhone.Deploy.0 = Release|Any CPU
		{D8BC19DD-5F95-4916-BAE4-155B6FB42140}.Release|iPhoneSimulator.ActiveCfg = Release|Any CPU
		{D8BC19DD-5F95-4916-BAE4-155B6FB42140}.Release|iPhoneSimulator.Build.0 = Release|Any CPU
		{D8BC19DD-5F95-4916-BAE4-155B6FB42140}.Release|iPhoneSimulator.Deploy.0 = Release|Any CPU
		{C268B668-B014-44BB-9329-DE551BD4F3EC}.Debug|Any CPU.ActiveCfg = Debug|iPhone
		{C268B668-B014-44BB-9329-DE551BD4F3EC}.Debug|Any CPU.Build.0 = Debug|iPhone
		{C268B668-B014-44BB-9329-DE551BD4F3EC}.Debug|Any CPU.Deploy.0 = Debug|iPhone
		{C268B668-B014-44BB-9329-DE551BD4F3EC}.Debug|iPhone.ActiveCfg = Debug|iPhone
		{C268B668-B014-44BB-9329-DE551BD4F3EC}.Debug|iPhone.Build.0 = Debug|iPhone
		{C268B668-B014-44BB-9329-DE551BD4F3EC}.Debug|iPhone.Deploy.0 = Debug|iPhone
		{C268B668-B014-44BB-9329-DE551BD4F3EC}.Debug|iPhoneSimulator.ActiveCfg = Debug|iPhoneSimulator
		{C268B668-B014-44BB-9329-DE551BD4F3EC}.Debug|iPhoneSimulator.Build.0 = Debug|iPhoneSimulator
		{C268B668-B014-44BB-9329-DE551BD4F3EC}.Debug|iPhoneSimulator.Deploy.0 = Debug|iPhoneSimulator
		{C268B668-B014-44BB-9329-DE551BD4F3EC}.Release|Any CPU.ActiveCfg = Release|iPhoneSimulator
		{C268B668-B014-44BB-9329-DE551BD4F3EC}.Release|Any CPU.Build.0 = Release|iPhoneSimulator
		{C268B668-B014-44BB-9329-DE551BD4F3EC}.Release|Any CPU.Deploy.0 = Release|iPhoneSimulator
		{C268B668-B014-44BB-9329-DE551BD4F3EC}.Release|iPhone.ActiveCfg = Release|iPhone
		{C268B668-B014-44BB-9329-DE551BD4F3EC}.Release|iPhone.Build.0 = Release|iPhone
		{C268B668-B014-44BB-9329-DE551BD4F3EC}.Release|iPhone.Deploy.0 = Release|iPhone
		{C268B668-B014-44BB-9329-DE551BD4F3EC}.Release|iPhoneSimulator.ActiveCfg = Release|iPhoneSimulator
		{C268B668-B014-44BB-9329-DE551BD4F3EC}.Release|iPhoneSimulator.Build.0 = Release|iPhoneSimulator
		{C268B668-B014-44BB-9329-DE551BD4F3EC}.Release|iPhoneSimulator.Deploy.0 = Release|iPhoneSimulator
		{2654D649-A495-4E6D-B2FF-1BED3F57CB90}.Debug|Any CPU.ActiveCfg = Debug|Any CPU
		{2654D649-A495-4E6D-B2FF-1BED3F57CB90}.Debug|Any CPU.Build.0 = Debug|Any CPU
		{2654D649-A495-4E6D-B2FF-1BED3F57CB90}.Debug|Any CPU.Deploy.0 = Debug|Any CPU
		{2654D649-A495-4E6D-B2FF-1BED3F57CB90}.Debug|iPhone.ActiveCfg = Debug|Any CPU
		{2654D649-A495-4E6D-B2FF-1BED3F57CB90}.Debug|iPhone.Build.0 = Debug|Any CPU
		{2654D649-A495-4E6D-B2FF-1BED3F57CB90}.Debug|iPhone.Deploy.0 = Debug|Any CPU
		{2654D649-A495-4E6D-B2FF-1BED3F57CB90}.Debug|iPhoneSimulator.ActiveCfg = Debug|Any CPU
		{2654D649-A495-4E6D-B2FF-1BED3F57CB90}.Debug|iPhoneSimulator.Build.0 = Debug|Any CPU
		{2654D649-A495-4E6D-B2FF-1BED3F57CB90}.Debug|iPhoneSimulator.Deploy.0 = Debug|Any CPU
		{2654D649-A495-4E6D-B2FF-1BED3F57CB90}.Release|Any CPU.ActiveCfg = Release|Any CPU
		{2654D649-A495-4E6D-B2FF-1BED3F57CB90}.Release|Any CPU.Build.0 = Release|Any CPU
		{2654D649-A495-4E6D-B2FF-1BED3F57CB90}.Release|Any CPU.Deploy.0 = Release|Any CPU
		{2654D649-A495-4E6D-B2FF-1BED3F57CB90}.Release|iPhone.ActiveCfg = Release|Any CPU
		{2654D649-A495-4E6D-B2FF-1BED3F57CB90}.Release|iPhone.Build.0 = Release|Any CPU
		{2654D649-A495-4E6D-B2FF-1BED3F57CB90}.Release|iPhone.Deploy.0 = Release|Any CPU
		{2654D649-A495-4E6D-B2FF-1BED3F57CB90}.Release|iPhoneSimulator.ActiveCfg = Release|Any CPU
		{2654D649-A495-4E6D-B2FF-1BED3F57CB90}.Release|iPhoneSimulator.Build.0 = Release|Any CPU
		{2654D649-A495-4E6D-B2FF-1BED3F57CB90}.Release|iPhoneSimulator.Deploy.0 = Release|Any CPU
	EndGlobalSection
	GlobalSection(SolutionProperties) = preSolution
		HideSolutionNode = FALSE
	EndGlobalSection
	GlobalSection(ExtensibilityGlobals) = postSolution
		SolutionGuid = {DFC30BCE-995D-4841-957B-7E39F15AD573}
	EndGlobalSection
EndGlobal
